
Microsoft Visual Studio Solution File, Format Version 12.00
# Visual Studio 15
VisualStudioVersion = 15.0.27703.2018
MinimumVisualStudioVersion = 10.0.40219.1
Project("{FAE04EC0-301F-11D3-BF4B-00C04F79EFBC}") = "StockCentralDeskTop", "StockCentralDeskTop\StockCentralDeskTop.csproj", "{75BCCE09-D043-46DF-B5A3-4230EC6401FA}"
EndProject
Global
	GlobalSection(SolutionConfigurationPlatforms) = preSolution
		Debug|Any CPU = Debug|Any CPU
		Release|Any CPU = Release|Any CPU
	EndGlobalSection
	GlobalSection(ProjectConfigurationPlatforms) = postSolution
		{75BCCE09-D043-46DF-B5A3-4230EC6401FA}.Debug|Any CPU.ActiveCfg = Debug|Any CPU
		{75BCCE09-D043-46DF-B5A3-4230EC6401FA}.Debug|Any CPU.Build.0 = Debug|Any CPU
		{75BCCE09-D043-46DF-B5A3-4230EC6401FA}.Release|Any CPU.ActiveCfg = Release|Any CPU
		{75BCCE09-D043-46DF-B5A3-4230EC6401FA}.Release|Any CPU.Build.0 = Release|Any CPU
	EndGlobalSection
	GlobalSection(SolutionProperties) = preSolution
		HideSolutionNode = FALSE
	EndGlobalSection
	GlobalSection(ExtensibilityGlobals) = postSolution
		SolutionGuid = {9170B070-286F-4C25-A33A-0D09B321CA8E}
	EndGlobalSection
EndGlobal
